
Microsoft Visual Studio Solution File, Format Version 12.00
# Visual Studio 15
VisualStudioVersion = 15.0.28307.106
MinimumVisualStudioVersion = 10.0.40219.1
Project("{F184B08F-C81C-45F6-A57F-5ABD9991F28F}") = "Sample_Project", "Sample_Project\Sample_Project.vbproj", "{54A0014E-DB15-4B3B-B165-28519C893C44}"
EndProject
Project("{F184B08F-C81C-45F6-A57F-5ABD9991F28F}") = "Sample_Project_Processes", "Sample_Project_Processes\Sample_Project_Processes.vbproj", "{52178239-14CC-47E9-828D-C3C3479BE8B7}"
EndProject
Project("{00D1A9C2-B5F0-4AF3-8072-F6C62B433612}") = "Sample_ProjectBD", "Sample_ProjectBD\Sample_ProjectBD.sqlproj", "{A6EF1F5F-947D-4941-A51B-9E5DE2636689}"
EndProject
Project("{00D1A9C2-B5F0-4AF3-8072-F6C62B433612}") = "Sample_Project_DataBD", "Sample_Project_DataBD\Sample_Project_DataBD.sqlproj", "{1E2A2BB6-9FCC-44AB-8136-089EC0FCB277}"
EndProject
Project("{F184B08F-C81C-45F6-A57F-5ABD9991F28F}") = "Sample_Project_UnitTest", "Sample_Project_UnitTest\Sample_Project_UnitTest.vbproj", "{6FB001F6-2152-4E46-AAF6-C57B357FDD11}"
EndProject
Project("{F184B08F-C81C-45F6-A57F-5ABD9991F28F}") = "Sample_Project_InterfaceTest", "Sample_Project_InterfaceTest\Sample_Project_InterfaceTest.vbproj", "{07C37035-D330-4CA7-BA04-27DA6649AA63}"
EndProject
Global
	GlobalSection(SolutionConfigurationPlatforms) = preSolution
		Debug|Any CPU = Debug|Any CPU
		Release|Any CPU = Release|Any CPU
	EndGlobalSection
	GlobalSection(ProjectConfigurationPlatforms) = postSolution
		{54A0014E-DB15-4B3B-B165-28519C893C44}.Debug|Any CPU.ActiveCfg = Debug|Any CPU
		{54A0014E-DB15-4B3B-B165-28519C893C44}.Debug|Any CPU.Build.0 = Debug|Any CPU
		{54A0014E-DB15-4B3B-B165-28519C893C44}.Release|Any CPU.ActiveCfg = Release|Any CPU
		{54A0014E-DB15-4B3B-B165-28519C893C44}.Release|Any CPU.Build.0 = Release|Any CPU
		{52178239-14CC-47E9-828D-C3C3479BE8B7}.Debug|Any CPU.ActiveCfg = Debug|Any CPU
		{52178239-14CC-47E9-828D-C3C3479BE8B7}.Debug|Any CPU.Build.0 = Debug|Any CPU
		{52178239-14CC-47E9-828D-C3C3479BE8B7}.Release|Any CPU.ActiveCfg = Release|Any CPU
		{52178239-14CC-47E9-828D-C3C3479BE8B7}.Release|Any CPU.Build.0 = Release|Any CPU
		{A6EF1F5F-947D-4941-A51B-9E5DE2636689}.Debug|Any CPU.ActiveCfg = Debug|Any CPU
		{A6EF1F5F-947D-4941-A51B-9E5DE2636689}.Debug|Any CPU.Build.0 = Debug|Any CPU
		{A6EF1F5F-947D-4941-A51B-9E5DE2636689}.Debug|Any CPU.Deploy.0 = Debug|Any CPU
		{A6EF1F5F-947D-4941-A51B-9E5DE2636689}.Release|Any CPU.ActiveCfg = Release|Any CPU
		{A6EF1F5F-947D-4941-A51B-9E5DE2636689}.Release|Any CPU.Build.0 = Release|Any CPU
		{A6EF1F5F-947D-4941-A51B-9E5DE2636689}.Release|Any CPU.Deploy.0 = Release|Any CPU
		{1E2A2BB6-9FCC-44AB-8136-089EC0FCB277}.Debug|Any CPU.ActiveCfg = Debug|Any CPU
		{1E2A2BB6-9FCC-44AB-8136-089EC0FCB277}.Debug|Any CPU.Build.0 = Debug|Any CPU
		{1E2A2BB6-9FCC-44AB-8136-089EC0FCB277}.Debug|Any CPU.Deploy.0 = Debug|Any CPU
		{1E2A2BB6-9FCC-44AB-8136-089EC0FCB277}.Release|Any CPU.ActiveCfg = Release|Any CPU
		{1E2A2BB6-9FCC-44AB-8136-089EC0FCB277}.Release|Any CPU.Build.0 = Release|Any CPU
		{1E2A2BB6-9FCC-44AB-8136-089EC0FCB277}.Release|Any CPU.Deploy.0 = Release|Any CPU
		{6FB001F6-2152-4E46-AAF6-C57B357FDD11}.Debug|Any CPU.ActiveCfg = Debug|Any CPU
		{6FB001F6-2152-4E46-AAF6-C57B357FDD11}.Debug|Any CPU.Build.0 = Debug|Any CPU
		{6FB001F6-2152-4E46-AAF6-C57B357FDD11}.Release|Any CPU.ActiveCfg = Release|Any CPU
		{6FB001F6-2152-4E46-AAF6-C57B357FDD11}.Release|Any CPU.Build.0 = Release|Any CPU
		{07C37035-D330-4CA7-BA04-27DA6649AA63}.Debug|Any CPU.ActiveCfg = Debug|Any CPU
		{07C37035-D330-4CA7-BA04-27DA6649AA63}.Debug|Any CPU.Build.0 = Debug|Any CPU
		{07C37035-D330-4CA7-BA04-27DA6649AA63}.Release|Any CPU.ActiveCfg = Release|Any CPU
		{07C37035-D330-4CA7-BA04-27DA6649AA63}.Release|Any CPU.Build.0 = Release|Any CPU
	EndGlobalSection
	GlobalSection(SolutionProperties) = preSolution
		HideSolutionNode = FALSE
	EndGlobalSection
	GlobalSection(ExtensibilityGlobals) = postSolution
		SolutionGuid = {1AFA6C2C-F115-4446-9226-DC0644A2BC56}
	EndGlobalSection
EndGlobal
